# This file is automatically @generated by Cargo.
# It is not intended for manual editing.
version = 3

[[package]]
name = "day1_trebuchet"
version = "0.1.0"
dependencies = [
 "utils",
]

[[package]]
name = "day2_cube_conundrum"
version = "0.1.0"
dependencies = [
 "utils",
]

[[package]]
name = "day3_gear_ratios"
version = "0.1.0"
dependencies = [
 "utils",
]

[[package]]
name = "day4_scratch_cards"
version = "0.1.0"
dependencies = [
 "utils",
]

[[package]]
name = "day5_if_you_give_a_seed_a_fertilizer"
version = "0.1.0"
dependencies = [
 "utils",
]

[[package]]
name = "day6_wait_for_it"
version = "0.1.0"
dependencies = [
 "utils",
]

[[package]]
name = "day7_camel_cards"
version = "0.1.0"
dependencies = [
 "utils",
]

[[package]]
name = "day8_haunted_wasteland"
version = "0.1.0"
dependencies = [
 "utils",
]

[[package]]
name = "day9_mirage_maintenance"
version = "0.1.0"
dependencies = [
 "utils",
]

[[package]]
name = "utils"
version = "0.1.0"
